
Microsoft Visual Studio Solution File, Format Version 12.00
Project("{FAE04EC0-301F-11D3-BF4B-00C04F79EFBC}") = "WiperCheck", "WiperCheck\WiperCheck.csproj", "{BFF52A7B-39D8-4F3E-98ED-095E617E7865}"
EndProject
Project("{FAE04EC0-301F-11D3-BF4B-00C04F79EFBC}") = "WiperCheck.Tests", "WiperCheck.Tests\WiperCheck.Tests.csproj", "{9C5982D0-A85F-4D69-BD66-EFE8A133DA73}"
EndProject
Global
	GlobalSection(SolutionConfigurationPlatforms) = preSolution
		Debug|Any CPU = Debug|Any CPU
		Debug|x64 = Debug|x64
		Debug|x86 = Debug|x86
		Release|Any CPU = Release|Any CPU
		Release|x64 = Release|x64
		Release|x86 = Release|x86
	EndGlobalSection
	GlobalSection(ProjectConfigurationPlatforms) = postSolution
		{BFF52A7B-39D8-4F3E-98ED-095E617E7865}.Debug|Any CPU.ActiveCfg = Debug|Any CPU
		{BFF52A7B-39D8-4F3E-98ED-095E617E7865}.Debug|Any CPU.Build.0 = Debug|Any CPU
		{BFF52A7B-39D8-4F3E-98ED-095E617E7865}.Debug|x64.ActiveCfg = Debug|Any CPU
		{BFF52A7B-39D8-4F3E-98ED-095E617E7865}.Debug|x64.Build.0 = Debug|Any CPU
		{BFF52A7B-39D8-4F3E-98ED-095E617E7865}.Debug|x86.ActiveCfg = Debug|Any CPU
		{BFF52A7B-39D8-4F3E-98ED-095E617E7865}.Debug|x86.Build.0 = Debug|Any CPU
		{BFF52A7B-39D8-4F3E-98ED-095E617E7865}.Release|Any CPU.ActiveCfg = Release|Any CPU
		{BFF52A7B-39D8-4F3E-98ED-095E617E7865}.Release|Any CPU.Build.0 = Release|Any CPU
		{BFF52A7B-39D8-4F3E-98ED-095E617E7865}.Release|x64.ActiveCfg = Release|Any CPU
		{BFF52A7B-39D8-4F3E-98ED-095E617E7865}.Release|x64.Build.0 = Release|Any CPU
		{BFF52A7B-39D8-4F3E-98ED-095E617E7865}.Release|x86.ActiveCfg = Release|Any CPU
		{BFF52A7B-39D8-4F3E-98ED-095E617E7865}.Release|x86.Build.0 = Release|Any CPU
		{9C5982D0-A85F-4D69-BD66-EFE8A133DA73}.Debug|Any CPU.ActiveCfg = Debug|Any CPU
		{9C5982D0-A85F-4D69-BD66-EFE8A133DA73}.Debug|Any CPU.Build.0 = Debug|Any CPU
		{9C5982D0-A85F-4D69-BD66-EFE8A133DA73}.Debug|x64.ActiveCfg = Debug|Any CPU
		{9C5982D0-A85F-4D69-BD66-EFE8A133DA73}.Debug|x64.Build.0 = Debug|Any CPU
		{9C5982D0-A85F-4D69-BD66-EFE8A133DA73}.Debug|x86.ActiveCfg = Debug|Any CPU
		{9C5982D0-A85F-4D69-BD66-EFE8A133DA73}.Debug|x86.Build.0 = Debug|Any CPU
		{9C5982D0-A85F-4D69-BD66-EFE8A133DA73}.Release|Any CPU.ActiveCfg = Release|Any CPU
		{9C5982D0-A85F-4D69-BD66-EFE8A133DA73}.Release|Any CPU.Build.0 = Release|Any CPU
		{9C5982D0-A85F-4D69-BD66-EFE8A133DA73}.Release|x64.ActiveCfg = Release|Any CPU
		{9C5982D0-A85F-4D69-BD66-EFE8A133DA73}.Release|x64.Build.0 = Release|Any CPU
		{9C5982D0-A85F-4D69-BD66-EFE8A133DA73}.Release|x86.ActiveCfg = Release|Any CPU
		{9C5982D0-A85F-4D69-BD66-EFE8A133DA73}.Release|x86.Build.0 = Release|Any CPU
	EndGlobalSection
	GlobalSection(SolutionProperties) = preSolution
		HideSolutionNode = FALSE
	EndGlobalSection
EndGlobal
